#MicroXplorer Configuration settings - do not modify
File.Version=6
Mcu.CPN=STM32F103C8T6
Mcu.Family=STM32F1
Mcu.Name=STM32F103C(8-B)Tx
Mcu.Package=LQFP48
Mcu.UserName=STM32F103C8Tx
ProjectManager.CompilerLinker=GCC
ProjectManager.ProjectFileName=bai4.ioc
ProjectManager.ProjectName=bai4
ProjectManager.TargetToolchain=Makefile
ProjectManager.MainLocation=Core/Src
RCC.AHBFreq_Value=72000000
RCC.APB1Freq_Value=36000000
RCC.APB2Freq_Value=72000000
RCC.PLLCLKFreq_Value=72000000
RCC.PLLMUL=RCC_PLL_MUL9
RCC.PLLSourceVirtual=RCC_PLLSOURCE_HSE
TIM2.Channel-Output_compare1_from_CHANNEL1=TIM_CHANNEL_1
TIM2.Channel-Output_compare2_from_CHANNEL2=TIM_CHANNEL_2
TIM2.Channel-Output_compare3_from_CHANNEL3=TIM_CHANNEL_3
TIM2.Channel-Output_compare4_from_CHANNEL4=TIM_CHANNEL_4
TIM2.IPParameters=Prescaler,Period,Channel-Output_compare1_from_CHANNEL1,Channel-Output_compare2_from_CHANNEL2,Channel-Output_compare3_from_CHANNEL3,Channel-Output_compare4_from_CHANNEL4
TIM2.Period=999
TIM2.Prescaler=71
PA0.Signal=TIM2_CH1
PA1.Signal=TIM2_CH2
PA2.Signal=TIM2_CH3
PA3.Signal=TIM2_CH4
PA13.Mode=Serial_Wire
PA13.Signal=SYS_JTMS-SWDIO
PA14.Mode=Serial_Wire
PA14.Signal=SYS_JTCK-SWCLK
VP_SYS_VS_Systick.Mode=SysTick
VP_SYS_VS_Systick.Signal=SYS_VS_Systick
board=custom
